
Microsoft Visual Studio Solution File, Format Version 12.00
# Visual Studio Version 17
VisualStudioVersion = 17.12.35527.113 d17.12
MinimumVisualStudioVersion = 10.0.40219.1
Project("{FAE04EC0-301F-11D3-BF4B-00C04F79EFBC}") = "DebugSmtpServer", "DebugSmtpServer\DebugSmtpServer.csproj", "{7B0C2ECA-0096-4471-9A14-DAE6FF2406CD}"
EndProject
Project("{FAE04EC0-301F-11D3-BF4B-00C04F79EFBC}") = "DebugSmtpServer.Web", "DebugSmtpServer.Web\DebugSmtpServer.Web.csproj", "{F2DB489A-C17C-4872-ACF9-108798C0C013}"
EndProject
Project("{FAE04EC0-301F-11D3-BF4B-00C04F79EFBC}") = "DebugSmtpServer.TestSender", "DebugSmtpServer.TestSender\DebugSmtpServer.TestSender.csproj", "{50E3413D-C66E-46B4-B1AC-DB8EF5C56F49}"
EndProject
Global
	GlobalSection(SolutionConfigurationPlatforms) = preSolution
		Debug|Any CPU = Debug|Any CPU
		Release|Any CPU = Release|Any CPU
	EndGlobalSection
	GlobalSection(ProjectConfigurationPlatforms) = postSolution
		{7B0C2ECA-0096-4471-9A14-DAE6FF2406CD}.Debug|Any CPU.ActiveCfg = Debug|Any CPU
		{7B0C2ECA-0096-4471-9A14-DAE6FF2406CD}.Debug|Any CPU.Build.0 = Debug|Any CPU
		{7B0C2ECA-0096-4471-9A14-DAE6FF2406CD}.Release|Any CPU.ActiveCfg = Release|Any CPU
		{7B0C2ECA-0096-4471-9A14-DAE6FF2406CD}.Release|Any CPU.Build.0 = Release|Any CPU
		{F2DB489A-C17C-4872-ACF9-108798C0C013}.Debug|Any CPU.ActiveCfg = Debug|Any CPU
		{F2DB489A-C17C-4872-ACF9-108798C0C013}.Debug|Any CPU.Build.0 = Debug|Any CPU
		{F2DB489A-C17C-4872-ACF9-108798C0C013}.Release|Any CPU.ActiveCfg = Release|Any CPU
		{F2DB489A-C17C-4872-ACF9-108798C0C013}.Release|Any CPU.Build.0 = Release|Any CPU
		{50E3413D-C66E-46B4-B1AC-DB8EF5C56F49}.Debug|Any CPU.ActiveCfg = Debug|Any CPU
		{50E3413D-C66E-46B4-B1AC-DB8EF5C56F49}.Debug|Any CPU.Build.0 = Debug|Any CPU
		{50E3413D-C66E-46B4-B1AC-DB8EF5C56F49}.Release|Any CPU.ActiveCfg = Release|Any CPU
		{50E3413D-C66E-46B4-B1AC-DB8EF5C56F49}.Release|Any CPU.Build.0 = Release|Any CPU
	EndGlobalSection
	GlobalSection(SolutionProperties) = preSolution
		HideSolutionNode = FALSE
	EndGlobalSection
EndGlobal
